github.com/ddddddO/gtree/v6 v6.0.5 h1:u+Wudedh6JrCr+la55Bi2S6js97F2i2SMLEr9renHq0=
github.com/ddddddO/gtree/v6 v6.0.5/go.mod h1:G5FvaKEWehAvGULJpT2ZVjEWXY5m/Q9/tjAZ0isJIPk=
github.com/pkg/errors v0.9.1 h1:FEBLx1zS214owpjy7qsBeixbURkuhQAwrK5UwLGTwt4=
github.com/pkg/errors v0.9.1/go.mod h1:bwawxfHBFNV+L2hUp1rHADufV3IMtnDRdf1r5NINEl0=
